
Microsoft Visual Studio Solution File, Format Version 12.00
# Visual Studio Version 17
VisualStudioVersion = 17.4.33213.308
MinimumVisualStudioVersion = 10.0.40219.1
Project("{FAE04EC0-301F-11D3-BF4B-00C04F79EFBC}") = "WebApi", "WebApi.csproj", "{195C3690-26BF-4AAB-89C9-9CAE3ACBBED6}"
EndProject
Global
	GlobalSection(SolutionConfigurationPlatforms) = preSolution
		Debug|Any CPU = Debug|Any CPU
		Release|Any CPU = Release|Any CPU
	EndGlobalSection
	GlobalSection(ProjectConfigurationPlatforms) = postSolution
		{195C3690-26BF-4AAB-89C9-9CAE3ACBBED6}.Debug|Any CPU.ActiveCfg = Debug|Any CPU
		{195C3690-26BF-4AAB-89C9-9CAE3ACBBED6}.Debug|Any CPU.Build.0 = Debug|Any CPU
		{195C3690-26BF-4AAB-89C9-9CAE3ACBBED6}.Release|Any CPU.ActiveCfg = Release|Any CPU
		{195C3690-26BF-4AAB-89C9-9CAE3ACBBED6}.Release|Any CPU.Build.0 = Release|Any CPU
	EndGlobalSection
	GlobalSection(SolutionProperties) = preSolution
		HideSolutionNode = FALSE
	EndGlobalSection
	GlobalSection(ExtensibilityGlobals) = postSolution
		SolutionGuid = {DD6940A6-0924-4C88-B305-DB3F94B89A9E}
	EndGlobalSection
EndGlobal
